
Microsoft Visual Studio Solution File, Format Version 12.00
# Visual Studio 15
VisualStudioVersion = 15.0.28307.168
MinimumVisualStudioVersion = 10.0.40219.1
Project("{FAE04EC0-301F-11D3-BF4B-00C04F79EFBC}") = "TribesLauncherSharp", "TribesLauncherSharp.csproj", "{0B89CF62-820D-40B9-B67F-144BD1C17CB7}"
EndProject
Global
	GlobalSection(SolutionConfigurationPlatforms) = preSolution
		Debug|Any CPU = Debug|Any CPU
		Release|Any CPU = Release|Any CPU
	EndGlobalSection
	GlobalSection(ProjectConfigurationPlatforms) = postSolution
		{0B89CF62-820D-40B9-B67F-144BD1C17CB7}.Debug|Any CPU.ActiveCfg = Debug|Any CPU
		{0B89CF62-820D-40B9-B67F-144BD1C17CB7}.Debug|Any CPU.Build.0 = Debug|Any CPU
		{0B89CF62-820D-40B9-B67F-144BD1C17CB7}.Release|Any CPU.ActiveCfg = Debug|Any CPU
		{0B89CF62-820D-40B9-B67F-144BD1C17CB7}.Release|Any CPU.Build.0 = Debug|Any CPU
	EndGlobalSection
	GlobalSection(SolutionProperties) = preSolution
		HideSolutionNode = FALSE
	EndGlobalSection
	GlobalSection(ExtensibilityGlobals) = postSolution
		SolutionGuid = {EC9394C7-DD1A-4644-88F6-A7BE724180A4}
	EndGlobalSection
EndGlobal
